
Microsoft Visual Studio Solution File, Format Version 12.00
# Visual Studio 15
Project("{FAE04EC0-301F-11D3-BF4B-00C04F79EFBC}") = "assignment", "assignment\assignment.csproj", "{FF307CB7-2C9B-477F-85C4-C02B1CEF94EE}"
EndProject
Project("{FAE04EC0-301F-11D3-BF4B-00C04F79EFBC}") = "assignment.Tests", "assignment.Tests\assignment.Tests.csproj", "{589F1068-ED2C-4445-8064-BC54376D9672}"
EndProject
Project("{FAE04EC0-301F-11D3-BF4B-00C04F79EFBC}") = "Data", "Data\Data.csproj", "{8B08F132-9323-494B-B0FC-3FDF30B4805F}"
EndProject
Global
	GlobalSection(SolutionConfigurationPlatforms) = preSolution
		Debug|Any CPU = Debug|Any CPU
		Release|Any CPU = Release|Any CPU
	EndGlobalSection
	GlobalSection(ProjectConfigurationPlatforms) = postSolution
		{FF307CB7-2C9B-477F-85C4-C02B1CEF94EE}.Debug|Any CPU.ActiveCfg = Debug|Any CPU
		{FF307CB7-2C9B-477F-85C4-C02B1CEF94EE}.Debug|Any CPU.Build.0 = Debug|Any CPU
		{FF307CB7-2C9B-477F-85C4-C02B1CEF94EE}.Release|Any CPU.ActiveCfg = Release|Any CPU
		{FF307CB7-2C9B-477F-85C4-C02B1CEF94EE}.Release|Any CPU.Build.0 = Release|Any CPU
		{589F1068-ED2C-4445-8064-BC54376D9672}.Debug|Any CPU.ActiveCfg = Debug|Any CPU
		{589F1068-ED2C-4445-8064-BC54376D9672}.Debug|Any CPU.Build.0 = Debug|Any CPU
		{589F1068-ED2C-4445-8064-BC54376D9672}.Release|Any CPU.ActiveCfg = Release|Any CPU
		{589F1068-ED2C-4445-8064-BC54376D9672}.Release|Any CPU.Build.0 = Release|Any CPU
		{8B08F132-9323-494B-B0FC-3FDF30B4805F}.Debug|Any CPU.ActiveCfg = Debug|Any CPU
		{8B08F132-9323-494B-B0FC-3FDF30B4805F}.Debug|Any CPU.Build.0 = Debug|Any CPU
		{8B08F132-9323-494B-B0FC-3FDF30B4805F}.Release|Any CPU.ActiveCfg = Release|Any CPU
		{8B08F132-9323-494B-B0FC-3FDF30B4805F}.Release|Any CPU.Build.0 = Release|Any CPU
	EndGlobalSection
EndGlobal
